// !$*UTF8*$!
{
	archiveVersion = 1;
	classes = {
	};
	objectVersion = 77;
	objects = {

/* Begin PBXContainerItemProxy section */
		835B12B62E65EC3100D7A667 /* PBXContainerItemProxy */ = {
			isa = PBXContainerItemProxy;
			containerPortal = 835B129E2E65EC3000D7A667 /* Project object */;
			proxyType = 1;
			remoteGlobalIDString = 835B12A52E65EC3000D7A667;
			remoteInfo = PeakTrack;
		};
		835B12C02E65EC3100D7A667 /* PBXContainerItemProxy */ = {
			isa = PBXContainerItemProxy;
			containerPortal = 835B129E2E65EC3000D7A667 /* Project object */;
			proxyType = 1;
			remoteGlobalIDString = 835B12A52E65EC3000D7A667;
			remoteInfo = PeakTrack;
		};
/* End PBXContainerItemProxy section */

/* Begin PBXFileReference section */
		835B12A62E65EC3000D7A667 /* PeakTrack.app */ = {isa = PBXFileReference; explicitFileType = wrapper.application; includeInIndex = 0; path = PeakTrack.app; sourceTree = BUILT_PRODUCTS_DIR; };
		835B12B52E65EC3100D7A667 /* PeakTrackTests.xctest */ = {isa = PBXFileReference; explicitFileType = wrapper.cfbundle; includeInIndex = 0; path = PeakTrackTests.xctest; sourceTree = BUILT_PRODUCTS_DIR; };
		835B12BF2E65EC3100D7A667 /* PeakTrackUITests.xctest */ = {isa = PBXFileReference; explicitFileType = wrapper.cfbundle; includeInIndex = 0; path = PeakTrackUITests.xctest; sourceTree = BUILT_PRODUCTS_DIR; };
/* End PBXFileReference section */

/* Begin PBXFileSystemSynchronizedRootGroup section */
		835B12A82E65EC3000D7A667 /* PeakTrack */ = {
			isa = PBXFileSystemSynchronizedRootGroup;
			path = PeakTrack;
			sourceTree = "<group>";
		};
		835B12B82E65EC3100D7A667 /* PeakTrackTests */ = {
			isa = PBXFileSystemSynchronizedRootGroup;
			path = PeakTrackTests;
			sourceTree = "<group>";
		};
		835B12C22E65EC3100D7A667 /* PeakTrackUITests */ = {
			isa = PBXFileSystemSynchronizedRootGroup;
			path = PeakTrackUITests;
			sourceTree = "<group>";
		};
/* End PBXFileSystemSynchronizedRootGroup section */

/* Begin PBXFrameworksBuildPhase section */
		835B12A32E65EC3000D7A667 /* Frameworks */ = {
			isa = PBXFrameworksBuildPhase;
			buildActionMask = 2147483647;
			files = (
			);
			runOnlyForDeploymentPostprocessing = 0;
		};
		835B12B22E65EC3100D7A667 /* Frameworks */ = {
			isa = PBXFrameworksBuildPhase;
			buildActionMask = 2147483647;
			files = (
			);
			runOnlyForDeploymentPostprocessing = 0;
		};
		835B12BC2E65EC3100D7A667 /* Frameworks */ = {
			isa = PBXFrameworksBuildPhase;
			buildActionMask = 2147483647;
			files = (
			);
			runOnlyForDeploymentPostprocessing = 0;
		};
/* End PBXFrameworksBuildPhase section */

/* Begin PBXGroup section */
		835B129D2E65EC3000D7A667 = {
			isa = PBXGroup;
			children = (
				835B12A82E65EC3000D7A667 /* PeakTrack */,
				835B12B82E65EC3100D7A667 /* PeakTrackTests */,
				835B12C22E65EC3100D7A667 /* PeakTrackUITests */,
				835B12A72E65EC3000D7A667 /* Products */,
			);
			sourceTree = "<group>";
		};
		835B12A72E65EC3000D7A667 /* Products */ = {
			isa = PBXGroup;
			children = (
				835B12A62E65EC3000D7A667 /* PeakTrack.app */,
				835B12B52E65EC3100D7A667 /* PeakTrackTests.xctest */,
				835B12BF2E65EC3100D7A667 /* PeakTrackUITests.xctest */,
			);
			name = Products;
			sourceTree = "<group>";
		};
/* End PBXGroup section */

/* Begin PBXNativeTarget section */
		835B12A52E65EC3000D7A667 /* PeakTrack */ = {
			isa = PBXNativeTarget;
			buildConfigurationList = 835B12C92E65EC3100D7A667 /* Build configuration list for PBXNativeTarget "PeakTrack" */;
			buildPhases = (
				835B12A22E65EC3000D7A667 /* Sources */,
				835B12A32E65EC3000D7A667 /* Frameworks */,
				835B12A42E65EC3000D7A667 /* Resources */,
			);
			buildRules = (
			);
			dependencies = (
			);
			fileSystemSynchronizedGroups = (
				835B12A82E65EC3000D7A667 /* PeakTrack */,
			);
			name = PeakTrack;
			packageProductDependencies = (
			);
			productName = PeakTrack;
			productReference = 835B12A62E65EC3000D7A667 /* PeakTrack.app */;
			productType = "com.apple.product-type.application";
		};
		835B12B42E65EC3100D7A667 /* PeakTrackTests */ = {
			isa = PBXNativeTarget;
			buildConfigurationList = 835B12CC2E65EC3100D7A667 /* Build configuration list for PBXNativeTarget "PeakTrackTests" */;
			buildPhases = (
				835B12B12E65EC3100D7A667 /* Sources */,
				835B12B22E65EC3100D7A667 /* Frameworks */,
				835B12B32E65EC3100D7A667 /* Resources */,
			);
			buildRules = (
			);
			dependencies = (
				835B12B72E65EC3100D7A667 /* PBXTargetDependency */,
			);
			fileSystemSynchronizedGroups = (
				835B12B82E65EC3100D7A667 /* PeakTrackTests */,
			);
			name = PeakTrackTests;
			packageProductDependencies = (
			);
			productName = PeakTrackTests;
			productReference = 835B12B52E65EC3100D7A667 /* PeakTrackTests.xctest */;
			productType = "com.apple.product-type.bundle.unit-test";
		};
		835B12BE2E65EC3100D7A667 /* PeakTrackUITests */ = {
			isa = PBXNativeTarget;
			buildConfigurationList = 835B12CF2E65EC3100D7A667 /* Build configuration list for PBXNativeTarget "PeakTrackUITests" */;
			buildPhases = (
				835B12BB2E65EC3100D7A667 /* Sources */,
				835B12BC2E65EC3100D7A667 /* Frameworks */,
				835B12BD2E65EC3100D7A667 /* Resources */,
			);
			buildRules = (
			);
			dependencies = (
				835B12C12E65EC3100D7A667 /* PBXTargetDependency */,
			);
			fileSystemSynchronizedGroups = (
				835B12C22E65EC3100D7A667 /* PeakTrackUITests */,
			);
			name = PeakTrackUITests;
			packageProductDependencies = (
			);
			productName = PeakTrackUITests;
			productReference = 835B12BF2E65EC3100D7A667 /* PeakTrackUITests.xctest */;
			productType = "com.apple.product-type.bundle.ui-testing";
		};
/* End PBXNativeTarget section */

/* Begin PBXProject section */
		835B129E2E65EC3000D7A667 /* Project object */ = {
			isa = PBXProject;
			attributes = {
				BuildIndependentTargetsInParallel = 1;
				LastSwiftUpdateCheck = 1640;
				LastUpgradeCheck = 1640;
				TargetAttributes = {
					835B12A52E65EC3000D7A667 = {
						CreatedOnToolsVersion = 16.4;
					};
					835B12B42E65EC3100D7A667 = {
						CreatedOnToolsVersion = 16.4;
						TestTargetID = 835B12A52E65EC3000D7A667;
					};
					835B12BE2E65EC3100D7A667 = {
						CreatedOnToolsVersion = 16.4;
						TestTargetID = 835B12A52E65EC3000D7A667;
					};
				};
			};
			buildConfigurationList = 835B12A12E65EC3000D7A667 /* Build configuration list for PBXProject "PeakTrack" */;
			developmentRegion = en;
			hasScannedForEncodings = 0;
			knownRegions = (
				en,
				Base,
			);
			mainGroup = 835B129D2E65EC3000D7A667;
			minimizedProjectReferenceProxies = 1;
			preferredProjectObjectVersion = 77;
			productRefGroup = 835B12A72E65EC3000D7A667 /* Products */;
			projectDirPath = "";
			projectRoot = "";
			targets = (
				835B12A52E65EC3000D7A667 /* PeakTrack */,
				835B12B42E65EC3100D7A667 /* PeakTrackTests */,
				835B12BE2E65EC3100D7A667 /* PeakTrackUITests */,
			);
		};
/* End PBXProject section */

/* Begin PBXResourcesBuildPhase section */
		835B12A42E65EC3000D7A667 /* Resources */ = {
			isa = PBXResourcesBuildPhase;
			buildActionMask = 2147483647;
			files = (
			);
			runOnlyForDeploymentPostprocessing = 0;
		};
		835B12B32E65EC3100D7A667 /* Resources */ = {
			isa = PBXResourcesBuildPhase;
			buildActionMask = 2147483647;
			files = (
			);
			runOnlyForDeploymentPostprocessing = 0;
		};
		835B12BD2E65EC3100D7A667 /* Resources */ = {
			isa = PBXResourcesBuildPhase;
			buildActionMask = 2147483647;
			files = (
			);
			runOnlyForDeploymentPostprocessing = 0;
		};
/* End PBXResourcesBuildPhase section */

/* Begin PBXSourcesBuildPhase section */
		835B12A22E65EC3000D7A667 /* Sources */ = {
			isa = PBXSourcesBuildPhase;
			buildActionMask = 2147483647;
			files = (
			);
			runOnlyForDeploymentPostprocessing = 0;
		};
		835B12B12E65EC3100D7A667 /* Sources */ = {
			isa = PBXSourcesBuildPhase;
			buildActionMask = 2147483647;
			files = (
			);
			runOnlyForDeploymentPostprocessing = 0;
		};
		835B12BB2E65EC3100D7A667 /* Sources */ = {
			isa = PBXSourcesBuildPhase;
			buildActionMask = 2147483647;
			files = (
			);
			runOnlyForDeploymentPostprocessing = 0;
		};
/* End PBXSourcesBuildPhase section */

/* Begin PBXTargetDependency section */
		835B12B72E65EC3100D7A667 /* PBXTargetDependency */ = {
			isa = PBXTargetDependency;
			target = 835B12A52E65EC3000D7A667 /* PeakTrack */;
			targetProxy = 835B12B62E65EC3100D7A667 /* PBXContainerItemProxy */;
		};
		835B12C12E65EC3100D7A667 /* PBXTargetDependency */ = {
			isa = PBXTargetDependency;
			target = 835B12A52E65EC3000D7A667 /* PeakTrack */;
			targetProxy = 835B12C02E65EC3100D7A667 /* PBXContainerItemProxy */;
		};
/* End PBXTargetDependency section */

/* Begin XCBuildConfiguration section */
		835B12C72E65EC3100D7A667 /* Debug */ = {
			isa = XCBuildConfiguration;
			buildSettings = {
				ALWAYS_SEARCH_USER_PATHS = NO;
				ASSETCATALOG_COMPILER_GENERATE_SWIFT_ASSET_SYMBOL_EXTENSIONS = YES;
				CLANG_ANALYZER_NONNULL = YES;
				CLANG_ANALYZER_NUMBER_OBJECT_CONVERSION = YES_AGGRESSIVE;
				CLANG_CXX_LANGUAGE_STANDARD = "gnu++20";
				CLANG_ENABLE_MODULES = YES;
				CLANG_ENABLE_OBJC_ARC = YES;
				CLANG_ENABLE_OBJC_WEAK = YES;
				CLANG_WARN_BLOCK_CAPTURE_AUTORELEASING = YES;
				CLANG_WARN_BOOL_CONVERSION = YES;
				CLANG_WARN_COMMA = YES;
				CLANG_WARN_CONSTANT_CONVERSION = YES;
				CLANG_WARN_DEPRECATED_OBJC_IMPLEMENTATIONS = YES;
				CLANG_WARN_DIRECT_OBJC_ISA_USAGE = YES_ERROR;
				CLANG_WARN_DOCUMENTATION_COMMENTS = YES;
				CLANG_WARN_EMPTY_BODY = YES;
				CLANG_WARN_ENUM_CONVERSION = YES;
				CLANG_WARN_INFINITE_RECURSION = YES;
				CLANG_WARN_INT_CONVERSION = YES;
				CLANG_WARN_NON_LITERAL_NULL_CONVERSION = YES;
				CLANG_WARN_OBJC_IMPLICIT_RETAIN_SELF = YES;
				CLANG_WARN_OBJC_LITERAL_CONVERSION = YES;
				CLANG_WARN_OBJC_ROOT_CLASS = YES_ERROR;
				CLANG_WARN_QUOTED_INCLUDE_IN_FRAMEWORK_HEADER = YES;
				CLANG_WARN_RANGE_LOOP_ANALYSIS = YES;
				CLANG_WARN_STRICT_PROTOTYPES = YES;
				CLANG_WARN_SUSPICIOUS_MOVE = YES;
				CLANG_WARN_UNGUARDED_AVAILABILITY = YES_AGGRESSIVE;
				CLANG_WARN_UNREACHABLE_CODE = YES;
				CLANG_WARN__DUPLICATE_METHOD_MATCH = YES;
				COPY_PHASE_STRIP = NO;
				DEBUG_INFORMATION_FORMAT = dwarf;
				DEVELOPMENT_TEAM = T264893398;
				ENABLE_STRICT_OBJC_MSGSEND = YES;
				ENABLE_TESTABILITY = YES;
				ENABLE_USER_SCRIPT_SANDBOXING = YES;
				GCC_C_LANGUAGE_STANDARD = gnu17;
				GCC_DYNAMIC_NO_PIC = NO;
				GCC_NO_COMMON_BLOCKS = YES;
				GCC_OPTIMIZATION_LEVEL = 0;
				GCC_PREPROCESSOR_DEFINITIONS = (
					"DEBUG=1",
					"$(inherited)",
				);
				GCC_WARN_64_TO_32_BIT_CONVERSION = YES;
				GCC_WARN_ABOUT_RETURN_TYPE = YES_ERROR;
				GCC_WARN_UNDECLARED_SELECTOR = YES;
				GCC_WARN_UNINITIALIZED_AUTOS = YES_AGGRESSIVE;
				GCC_WARN_UNUSED_FUNCTION = YES;
				GCC_WARN_UNUSED_VARIABLE = YES;
				IPHONEOS_DEPLOYMENT_TARGET = 18.5;
				LOCALIZATION_PREFERS_STRING_CATALOGS = YES;
				MTL_ENABLE_DEBUG_INFO = INCLUDE_SOURCE;
				MTL_FAST_MATH = YES;
				ONLY_ACTIVE_ARCH = YES;
				SDKROOT = iphoneos;
				SWIFT_ACTIVE_COMPILATION_CONDITIONS = "DEBUG $(inherited)";
				SWIFT_OPTIMIZATION_LEVEL = "-Onone";
			};
			name = Debug;
		};
		835B12C82E65EC3100D7A667 /* Release */ = {
			isa = XCBuildConfiguration;
			buildSettings = {
				ALWAYS_SEARCH_USER_PATHS = NO;
				ASSETCATALOG_COMPILER_GENERATE_SWIFT_ASSET_SYMBOL_EXTENSIONS = YES;
				CLANG_ANALYZER_NONNULL = YES;
				CLANG_ANALYZER_NUMBER_OBJECT_CONVERSION = YES_AGGRESSIVE;
				CLANG_CXX_LANGUAGE_STANDARD = "gnu++20";
				CLANG_ENABLE_MODULES = YES;
				CLANG_ENABLE_OBJC_ARC = YES;
				CLANG_ENABLE_OBJC_WEAK = YES;
				CLANG_WARN_BLOCK_CAPTURE_AUTORELEASING = YES;
				CLANG_WARN_BOOL_CONVERSION = YES;
				CLANG_WARN_COMMA = YES;
				CLANG_WARN_CONSTANT_CONVERSION = YES;
				CLANG_WARN_DEPRECATED_OBJC_IMPLEMENTATIONS = YES;
				CLANG_WARN_DIRECT_OBJC_ISA_USAGE = YES_ERROR;
				CLANG_WARN_DOCUMENTATION_COMMENTS = YES;
				CLANG_WARN_EMPTY_BODY = YES;
				CLANG_WARN_ENUM_CONVERSION = YES;
				CLANG_WARN_INFINITE_RECURSION = YES;
				CLANG_WARN_INT_CONVERSION = YES;
				CLANG_WARN_NON_LITERAL_NULL_CONVERSION = YES;
				CLANG_WARN_OBJC_IMPLICIT_RETAIN_SELF = YES;
				CLANG_WARN_OBJC_LITERAL_CONVERSION = YES;
				CLANG_WARN_OBJC_ROOT_CLASS = YES_ERROR;
				CLANG_WARN_QUOTED_INCLUDE_IN_FRAMEWORK_HEADER = YES;
				CLANG_WARN_RANGE_LOOP_ANALYSIS = YES;
				CLANG_WARN_STRICT_PROTOTYPES = YES;
				CLANG_WARN_SUSPICIOUS_MOVE = YES;
				CLANG_WARN_UNGUARDED_AVAILABILITY = YES_AGGRESSIVE;
				CLANG_WARN_UNREACHABLE_CODE = YES;
				CLANG_WARN__DUPLICATE_METHOD_MATCH = YES;
				COPY_PHASE_STRIP = NO;
				DEBUG_INFORMATION_FORMAT = "dwarf-with-dsym";
				DEVELOPMENT_TEAM = T264893398;
				ENABLE_NS_ASSERTIONS = NO;
				ENABLE_STRICT_OBJC_MSGSEND = YES;
				ENABLE_USER_SCRIPT_SANDBOXING = YES;
				GCC_C_LANGUAGE_STANDARD = gnu17;
				GCC_NO_COMMON_BLOCKS = YES;
				GCC_WARN_64_TO_32_BIT_CONVERSION = YES;
				GCC_WARN_ABOUT_RETURN_TYPE = YES_ERROR;
				GCC_WARN_UNDECLARED_SELECTOR = YES;
				GCC_WARN_UNINITIALIZED_AUTOS = YES_AGGRESSIVE;
				GCC_WARN_UNUSED_FUNCTION = YES;
				GCC_WARN_UNUSED_VARIABLE = YES;
				IPHONEOS_DEPLOYMENT_TARGET = 18.5;
				LOCALIZATION_PREFERS_STRING_CATALOGS = YES;
				MTL_ENABLE_DEBUG_INFO = NO;
				MTL_FAST_MATH = YES;
				SDKROOT = iphoneos;
				SWIFT_COMPILATION_MODE = wholemodule;
				VALIDATE_PRODUCT = YES;
			};
			name = Release;
		};
		835B12CA2E65EC3100D7A667 /* Debug */ = {
			isa = XCBuildConfiguration;
			buildSettings = {
				ASSETCATALOG_COMPILER_APPICON_NAME = AppIcon;
				ASSETCATALOG_COMPILER_GLOBAL_ACCENT_COLOR_NAME = AccentColor;
				CODE_SIGN_STYLE = Automatic;
				CURRENT_PROJECT_VERSION = 1;
				DEVELOPMENT_TEAM = T264893398;
				ENABLE_PREVIEWS = YES;
				GENERATE_INFOPLIST_FILE = YES;
				INFOPLIST_KEY_UIApplicationSceneManifest_Generation = YES;
				INFOPLIST_KEY_UIApplicationSupportsIndirectInputEvents = YES;
				INFOPLIST_KEY_UILaunchScreen_Generation = YES;
				INFOPLIST_KEY_UISupportedInterfaceOrientations_iPad = "UIInterfaceOrientationPortrait UIInterfaceOrientationPortraitUpsideDown UIInterfaceOrientationLandscapeLeft UIInterfaceOrientationLandscapeRight";
				INFOPLIST_KEY_UISupportedInterfaceOrientations_iPhone = "UIInterfaceOrientationPortrait UIInterfaceOrientationLandscapeLeft UIInterfaceOrientationLandscapeRight";
				LD_RUNPATH_SEARCH_PATHS = (
					"$(inherited)",
					"@executable_path/Frameworks",
				);
				MARKETING_VERSION = 1.0;
				PRODUCT_BUNDLE_IDENTIFIER = com.iyushkov.PeakTrack;
				PRODUCT_NAME = "$(TARGET_NAME)";
				SWIFT_EMIT_LOC_STRINGS = YES;
				SWIFT_VERSION = 5.0;
				TARGETED_DEVICE_FAMILY = "1,2";
			};
			name = Debug;
		};
		835B12CB2E65EC3100D7A667 /* Release */ = {
			isa = XCBuildConfiguration;
			buildSettings = {
				ASSETCATALOG_COMPILER_APPICON_NAME = AppIcon;
				ASSETCATALOG_COMPILER_GLOBAL_ACCENT_COLOR_NAME = AccentColor;
				CODE_SIGN_STYLE = Automatic;
				CURRENT_PROJECT_VERSION = 1;
				DEVELOPMENT_TEAM = T264893398;
				ENABLE_PREVIEWS = YES;
				GENERATE_INFOPLIST_FILE = YES;
				INFOPLIST_KEY_UIApplicationSceneManifest_Generation = YES;
				INFOPLIST_KEY_UIApplicationSupportsIndirectInputEvents = YES;
				INFOPLIST_KEY_UILaunchScreen_Generation = YES;
				INFOPLIST_KEY_UISupportedInterfaceOrientations_iPad = "UIInterfaceOrientationPortrait UIInterfaceOrientationPortraitUpsideDown UIInterfaceOrientationLandscapeLeft UIInterfaceOrientationLandscapeRight";
				INFOPLIST_KEY_UISupportedInterfaceOrientations_iPhone = "UIInterfaceOrientationPortrait UIInterfaceOrientationLandscapeLeft UIInterfaceOrientationLandscapeRight";
				LD_RUNPATH_SEARCH_PATHS = (
					"$(inherited)",
					"@executable_path/Frameworks",
				);
				MARKETING_VERSION = 1.0;
				PRODUCT_BUNDLE_IDENTIFIER = com.iyushkov.PeakTrack;
				PRODUCT_NAME = "$(TARGET_NAME)";
				SWIFT_EMIT_LOC_STRINGS = YES;
				SWIFT_VERSION = 5.0;
				TARGETED_DEVICE_FAMILY = "1,2";
			};
			name = Release;
		};
		835B12CD2E65EC3100D7A667 /* Debug */ = {
			isa = XCBuildConfiguration;
			buildSettings = {
				BUNDLE_LOADER = "$(TEST_HOST)";
				CODE_SIGN_STYLE = Automatic;
				CURRENT_PROJECT_VERSION = 1;
				DEVELOPMENT_TEAM = T264893398;
				GENERATE_INFOPLIST_FILE = YES;
				IPHONEOS_DEPLOYMENT_TARGET = 18.5;
				MARKETING_VERSION = 1.0;
				PRODUCT_BUNDLE_IDENTIFIER = com.iyushkov.PeakTrackTests;
				PRODUCT_NAME = "$(TARGET_NAME)";
				SWIFT_EMIT_LOC_STRINGS = NO;
				SWIFT_VERSION = 5.0;
				TARGETED_DEVICE_FAMILY = "1,2";
				TEST_HOST = "$(BUILT_PRODUCTS_DIR)/PeakTrack.app/$(BUNDLE_EXECUTABLE_FOLDER_PATH)/PeakTrack";
			};
			name = Debug;
		};
		835B12CE2E65EC3100D7A667 /* Release */ = {
			isa = XCBuildConfiguration;
			buildSettings = {
				BUNDLE_LOADER = "$(TEST_HOST)";
				CODE_SIGN_STYLE = Automatic;
				CURRENT_PROJECT_VERSION = 1;
				DEVELOPMENT_TEAM = T264893398;
				GENERATE_INFOPLIST_FILE = YES;
				IPHONEOS_DEPLOYMENT_TARGET = 18.5;
				MARKETING_VERSION = 1.0;
				PRODUCT_BUNDLE_IDENTIFIER = com.iyushkov.PeakTrackTests;
				PRODUCT_NAME = "$(TARGET_NAME)";
				SWIFT_EMIT_LOC_STRINGS = NO;
				SWIFT_VERSION = 5.0;
				TARGETED_DEVICE_FAMILY = "1,2";
				TEST_HOST = "$(BUILT_PRODUCTS_DIR)/PeakTrack.app/$(BUNDLE_EXECUTABLE_FOLDER_PATH)/PeakTrack";
			};
			name = Release;
		};
		835B12D02E65EC3100D7A667 /* Debug */ = {
			isa = XCBuildConfiguration;
			buildSettings = {
				CODE_SIGN_STYLE = Automatic;
				CURRENT_PROJECT_VERSION = 1;
				DEVELOPMENT_TEAM = T264893398;
				GENERATE_INFOPLIST_FILE = YES;
				MARKETING_VERSION = 1.0;
				PRODUCT_BUNDLE_IDENTIFIER = com.iyushkov.PeakTrackUITests;
				PRODUCT_NAME = "$(TARGET_NAME)";
				SWIFT_EMIT_LOC_STRINGS = NO;
				SWIFT_VERSION = 5.0;
				TARGETED_DEVICE_FAMILY = "1,2";
				TEST_TARGET_NAME = PeakTrack;
			};
			name = Debug;
		};
		835B12D12E65EC3100D7A667 /* Release */ = {
			isa = XCBuildConfiguration;
			buildSettings = {
				CODE_SIGN_STYLE = Automatic;
				CURRENT_PROJECT_VERSION = 1;
				DEVELOPMENT_TEAM = T264893398;
				GENERATE_INFOPLIST_FILE = YES;
				MARKETING_VERSION = 1.0;
				PRODUCT_BUNDLE_IDENTIFIER = com.iyushkov.PeakTrackUITests;
				PRODUCT_NAME = "$(TARGET_NAME)";
				SWIFT_EMIT_LOC_STRINGS = NO;
				SWIFT_VERSION = 5.0;
				TARGETED_DEVICE_FAMILY = "1,2";
				TEST_TARGET_NAME = PeakTrack;
			};
			name = Release;
		};
/* End XCBuildConfiguration section */

/* Begin XCConfigurationList section */
		835B12A12E65EC3000D7A667 /* Build configuration list for PBXProject "PeakTrack" */ = {
			isa = XCConfigurationList;
			buildConfigurations = (
				835B12C72E65EC3100D7A667 /* Debug */,
				835B12C82E65EC3100D7A667 /* Release */,
			);
			defaultConfigurationIsVisible = 0;
			defaultConfigurationName = Release;
		};
		835B12C92E65EC3100D7A667 /* Build configuration list for PBXNativeTarget "PeakTrack" */ = {
			isa = XCConfigurationList;
			buildConfigurations = (
				835B12CA2E65EC3100D7A667 /* Debug */,
				835B12CB2E65EC3100D7A667 /* Release */,
			);
			defaultConfigurationIsVisible = 0;
			defaultConfigurationName = Release;
		};
		835B12CC2E65EC3100D7A667 /* Build configuration list for PBXNativeTarget "PeakTrackTests" */ = {
			isa = XCConfigurationList;
			buildConfigurations = (
				835B12CD2E65EC3100D7A667 /* Debug */,
				835B12CE2E65EC3100D7A667 /* Release */,
			);
			defaultConfigurationIsVisible = 0;
			defaultConfigurationName = Release;
		};
		835B12CF2E65EC3100D7A667 /* Build configuration list for PBXNativeTarget "PeakTrackUITests" */ = {
			isa = XCConfigurationList;
			buildConfigurations = (
				835B12D02E65EC3100D7A667 /* Debug */,
				835B12D12E65EC3100D7A667 /* Release */,
			);
			defaultConfigurationIsVisible = 0;
			defaultConfigurationName = Release;
		};
/* End XCConfigurationList section */
	};
	rootObject = 835B129E2E65EC3000D7A667 /* Project object */;
}
